
Microsoft Visual Studio Solution File, Format Version 12.00
Project("{FAE04EC0-301F-11D3-BF4B-00C04F79EFBC}") = "ReedsCrabUtils", "ReedsCrabUtils.csproj", "{2FF70E50-6859-4A6B-8D9D-79BBE9AACBA1}"
EndProject
Global
	GlobalSection(SolutionConfigurationPlatforms) = preSolution
		Debug|Any CPU = Debug|Any CPU
		Release|Any CPU = Release|Any CPU
	EndGlobalSection
	GlobalSection(ProjectConfigurationPlatforms) = postSolution
		{2FF70E50-6859-4A6B-8D9D-79BBE9AACBA1}.Debug|Any CPU.ActiveCfg = Debug|Any CPU
		{2FF70E50-6859-4A6B-8D9D-79BBE9AACBA1}.Debug|Any CPU.Build.0 = Debug|Any CPU
		{2FF70E50-6859-4A6B-8D9D-79BBE9AACBA1}.Release|Any CPU.ActiveCfg = Release|Any CPU
		{2FF70E50-6859-4A6B-8D9D-79BBE9AACBA1}.Release|Any CPU.Build.0 = Release|Any CPU
	EndGlobalSection
EndGlobal
